
Microsoft Visual Studio Solution File, Format Version 12.00
# Visual Studio Version 17
VisualStudioVersion = 17.14.36518.9 d17.14
MinimumVisualStudioVersion = 10.0.40219.1
Project("{FAE04EC0-301F-11D3-BF4B-00C04F79EFBC}") = "AiForProgrammingWebSite", "AiForProgrammingWebSite\AiForProgrammingWebSite.csproj", "{DB30F4A2-D903-44E4-9528-C9F6A71A0090}"
EndProject
Global
	GlobalSection(SolutionConfigurationPlatforms) = preSolution
		Debug|Any CPU = Debug|Any CPU
		Release|Any CPU = Release|Any CPU
	EndGlobalSection
	GlobalSection(ProjectConfigurationPlatforms) = postSolution
		{DB30F4A2-D903-44E4-9528-C9F6A71A0090}.Debug|Any CPU.ActiveCfg = Debug|Any CPU
		{DB30F4A2-D903-44E4-9528-C9F6A71A0090}.Debug|Any CPU.Build.0 = Debug|Any CPU
		{DB30F4A2-D903-44E4-9528-C9F6A71A0090}.Release|Any CPU.ActiveCfg = Release|Any CPU
		{DB30F4A2-D903-44E4-9528-C9F6A71A0090}.Release|Any CPU.Build.0 = Release|Any CPU
	EndGlobalSection
	GlobalSection(SolutionProperties) = preSolution
		HideSolutionNode = FALSE
	EndGlobalSection
	GlobalSection(ExtensibilityGlobals) = postSolution
		SolutionGuid = {70B1AB27-7A17-48EB-9C02-A030716FBF5A}
	EndGlobalSection
EndGlobal
